
Microsoft Visual Studio Solution File, Format Version 12.00
# Visual Studio Version 17
VisualStudioVersion = 17.7.34031.279
MinimumVisualStudioVersion = 10.0.40219.1
Project("{FAE04EC0-301F-11D3-BF4B-00C04F79EFBC}") = "pr50savichev", "pr50savichev.csproj", "{E87507B5-8ECA-4F7E-B0AA-16643591FEE9}"
EndProject
Global
	GlobalSection(SolutionConfigurationPlatforms) = preSolution
		Debug|Any CPU = Debug|Any CPU
		Release|Any CPU = Release|Any CPU
	EndGlobalSection
	GlobalSection(ProjectConfigurationPlatforms) = postSolution
		{E87507B5-8ECA-4F7E-B0AA-16643591FEE9}.Debug|Any CPU.ActiveCfg = Debug|Any CPU
		{E87507B5-8ECA-4F7E-B0AA-16643591FEE9}.Debug|Any CPU.Build.0 = Debug|Any CPU
		{E87507B5-8ECA-4F7E-B0AA-16643591FEE9}.Release|Any CPU.ActiveCfg = Release|Any CPU
		{E87507B5-8ECA-4F7E-B0AA-16643591FEE9}.Release|Any CPU.Build.0 = Release|Any CPU
	EndGlobalSection
	GlobalSection(SolutionProperties) = preSolution
		HideSolutionNode = FALSE
	EndGlobalSection
	GlobalSection(ExtensibilityGlobals) = postSolution
		SolutionGuid = {23E9E9CE-8A08-42BE-8830-FC3EB2F1C784}
	EndGlobalSection
EndGlobal
